// !$*UTF8*$!
{
	archiveVersion = 1;
	classes = {
	};
	objectVersion = 48;
	objects = {

/* Begin PBXBuildFile section */
		72913E8F1FB08D5E00C3B56B /* main.cpp in Sources */ = {isa = PBXBuildFile; fileRef = 72913E8E1FB08D5E00C3B56B /* main.cpp */; };
		72913E971FB08FD500C3B56B /* lib.cpp in Sources */ = {isa = PBXBuildFile; fileRef = 72913E961FB08FD500C3B56B /* lib.cpp */; };
		72FE72111FBE125600DD994B /* main.cpp in Sources */ = {isa = PBXBuildFile; fileRef = 72FE72101FBE125600DD994B /* main.cpp */; };
/* End PBXBuildFile section */

/* Begin PBXCopyFilesBuildPhase section */
		72913E891FB08D5E00C3B56B /* CopyFiles */ = {
			isa = PBXCopyFilesBuildPhase;
			buildActionMask = 2147483647;
			dstPath = /usr/share/man/man1/;
			dstSubfolderSpec = 0;
			files = (
			);
			runOnlyForDeploymentPostprocessing = 1;
		};
		72FE720C1FBE125600DD994B /* CopyFiles */ = {
			isa = PBXCopyFilesBuildPhase;
			buildActionMask = 2147483647;
			dstPath = /usr/share/man/man1/;
			dstSubfolderSpec = 0;
			files = (
			);
			runOnlyForDeploymentPostprocessing = 1;
		};
/* End PBXCopyFilesBuildPhase section */

/* Begin PBXFileReference section */
		72913E8B1FB08D5E00C3B56B /* Project 4 */ = {isa = PBXFileReference; explicitFileType = "compiled.mach-o.executable"; includeInIndex = 0; path = "Project 4"; sourceTree = BUILT_PRODUCTS_DIR; };
		72913E8E1FB08D5E00C3B56B /* main.cpp */ = {isa = PBXFileReference; lastKnownFileType = sourcecode.cpp.cpp; path = main.cpp; sourceTree = "<group>"; };
		72913E951FB08FD500C3B56B /* lib.h */ = {isa = PBXFileReference; fileEncoding = 4; lastKnownFileType = sourcecode.c.h; name = lib.h; path = "../../Project_2/Project 2/lib.h"; sourceTree = "<group>"; };
		72913E961FB08FD500C3B56B /* lib.cpp */ = {isa = PBXFileReference; fileEncoding = 4; lastKnownFileType = sourcecode.cpp.cpp; name = lib.cpp; path = "../../Project_2/Project 2/lib.cpp"; sourceTree = "<group>"; };
		72FE720E1FBE125600DD994B /* MPI_test */ = {isa = PBXFileReference; explicitFileType = "compiled.mach-o.executable"; includeInIndex = 0; path = MPI_test; sourceTree = BUILT_PRODUCTS_DIR; };
		72FE72101FBE125600DD994B /* main.cpp */ = {isa = PBXFileReference; lastKnownFileType = sourcecode.cpp.cpp; path = main.cpp; sourceTree = "<group>"; };
/* End PBXFileReference section */

/* Begin PBXFrameworksBuildPhase section */
		72913E881FB08D5E00C3B56B /* Frameworks */ = {
			isa = PBXFrameworksBuildPhase;
			buildActionMask = 2147483647;
			files = (
			);
			runOnlyForDeploymentPostprocessing = 0;
		};
		72FE720B1FBE125600DD994B /* Frameworks */ = {
			isa = PBXFrameworksBuildPhase;
			buildActionMask = 2147483647;
			files = (
			);
			runOnlyForDeploymentPostprocessing = 0;
		};
/* End PBXFrameworksBuildPhase section */

/* Begin PBXGroup section */
		72913E821FB08D5E00C3B56B = {
			isa = PBXGroup;
			children = (
				72913E8D1FB08D5E00C3B56B /* Project 4 */,
				72FE720F1FBE125600DD994B /* MPI_test */,
				72913E8C1FB08D5E00C3B56B /* Products */,
			);
			sourceTree = "<group>";
		};
		72913E8C1FB08D5E00C3B56B /* Products */ = {
			isa = PBXGroup;
			children = (
				72913E8B1FB08D5E00C3B56B /* Project 4 */,
				72FE720E1FBE125600DD994B /* MPI_test */,
			);
			name = Products;
			sourceTree = "<group>";
		};
		72913E8D1FB08D5E00C3B56B /* Project 4 */ = {
			isa = PBXGroup;
			children = (
				72913E8E1FB08D5E00C3B56B /* main.cpp */,
				72913E961FB08FD500C3B56B /* lib.cpp */,
				72913E951FB08FD500C3B56B /* lib.h */,
			);
			path = "Project 4";
			sourceTree = "<group>";
		};
		72FE720F1FBE125600DD994B /* MPI_test */ = {
			isa = PBXGroup;
			children = (
				72FE72101FBE125600DD994B /* main.cpp */,
			);
			path = MPI_test;
			sourceTree = "<group>";
		};
/* End PBXGroup section */

/* Begin PBXNativeTarget section */
		72913E8A1FB08D5E00C3B56B /* Project 4 */ = {
			isa = PBXNativeTarget;
			buildConfigurationList = 72913E921FB08D5E00C3B56B /* Build configuration list for PBXNativeTarget "Project 4" */;
			buildPhases = (
				72913E871FB08D5E00C3B56B /* Sources */,
				72913E881FB08D5E00C3B56B /* Frameworks */,
				72913E891FB08D5E00C3B56B /* CopyFiles */,
			);
			buildRules = (
			);
			dependencies = (
			);
			name = "Project 4";
			productName = "Project 4";
			productReference = 72913E8B1FB08D5E00C3B56B /* Project 4 */;
			productType = "com.apple.product-type.tool";
		};
		72FE720D1FBE125600DD994B /* MPI_test */ = {
			isa = PBXNativeTarget;
			buildConfigurationList = 72FE72121FBE125600DD994B /* Build configuration list for PBXNativeTarget "MPI_test" */;
			buildPhases = (
				72FE720A1FBE125600DD994B /* Sources */,
				72FE720B1FBE125600DD994B /* Frameworks */,
				72FE720C1FBE125600DD994B /* CopyFiles */,
			);
			buildRules = (
			);
			dependencies = (
			);
			name = MPI_test;
			productName = MPI_test;
			productReference = 72FE720E1FBE125600DD994B /* MPI_test */;
			productType = "com.apple.product-type.tool";
		};
/* End PBXNativeTarget section */

/* Begin PBXProject section */
		72913E831FB08D5E00C3B56B /* Project object */ = {
			isa = PBXProject;
			attributes = {
				LastUpgradeCheck = 0910;
				ORGANIZATIONNAME = "Børge Olsen-Hagen Sømme";
				TargetAttributes = {
					72913E8A1FB08D5E00C3B56B = {
						CreatedOnToolsVersion = 9.1;
						ProvisioningStyle = Automatic;
					};
					72FE720D1FBE125600DD994B = {
						CreatedOnToolsVersion = 9.1;
						ProvisioningStyle = Automatic;
					};
				};
			};
			buildConfigurationList = 72913E861FB08D5E00C3B56B /* Build configuration list for PBXProject "Project 4" */;
			compatibilityVersion = "Xcode 8.0";
			developmentRegion = en;
			hasScannedForEncodings = 0;
			knownRegions = (
				en,
			);
			mainGroup = 72913E821FB08D5E00C3B56B;
			productRefGroup = 72913E8C1FB08D5E00C3B56B /* Products */;
			projectDirPath = "";
			projectRoot = "";
			targets = (
				72913E8A1FB08D5E00C3B56B /* Project 4 */,
				72FE720D1FBE125600DD994B /* MPI_test */,
			);
		};
/* End PBXProject section */

/* Begin PBXSourcesBuildPhase section */
		72913E871FB08D5E00C3B56B /* Sources */ = {
			isa = PBXSourcesBuildPhase;
			buildActionMask = 2147483647;
			files = (
				72913E8F1FB08D5E00C3B56B /* main.cpp in Sources */,
				72913E971FB08FD500C3B56B /* lib.cpp in Sources */,
			);
			runOnlyForDeploymentPostprocessing = 0;
		};
		72FE720A1FBE125600DD994B /* Sources */ = {
			isa = PBXSourcesBuildPhase;
			buildActionMask = 2147483647;
			files = (
				72FE72111FBE125600DD994B /* main.cpp in Sources */,
			);
			runOnlyForDeploymentPostprocessing = 0;
		};
/* End PBXSourcesBuildPhase section */

/* Begin XCBuildConfiguration section */
		72913E901FB08D5E00C3B56B /* Debug */ = {
			isa = XCBuildConfiguration;
			buildSettings = {
				ALWAYS_SEARCH_USER_PATHS = NO;
				CLANG_ANALYZER_NONNULL = YES;
				CLANG_ANALYZER_NUMBER_OBJECT_CONVERSION = YES_AGGRESSIVE;
				CLANG_CXX_LANGUAGE_STANDARD = "gnu++14";
				CLANG_CXX_LIBRARY = "libc++";
				CLANG_ENABLE_MODULES = YES;
				CLANG_ENABLE_OBJC_ARC = YES;
				CLANG_WARN_BLOCK_CAPTURE_AUTORELEASING = YES;
				CLANG_WARN_BOOL_CONVERSION = YES;
				CLANG_WARN_COMMA = YES;
				CLANG_WARN_CONSTANT_CONVERSION = YES;
				CLANG_WARN_DIRECT_OBJC_ISA_USAGE = YES_ERROR;
				CLANG_WARN_DOCUMENTATION_COMMENTS = YES;
				CLANG_WARN_EMPTY_BODY = YES;
				CLANG_WARN_ENUM_CONVERSION = YES;
				CLANG_WARN_INFINITE_RECURSION = YES;
				CLANG_WARN_INT_CONVERSION = YES;
				CLANG_WARN_NON_LITERAL_NULL_CONVERSION = YES;
				CLANG_WARN_OBJC_LITERAL_CONVERSION = YES;
				CLANG_WARN_OBJC_ROOT_CLASS = YES_ERROR;
				CLANG_WARN_RANGE_LOOP_ANALYSIS = YES;
				CLANG_WARN_STRICT_PROTOTYPES = YES;
				CLANG_WARN_SUSPICIOUS_MOVE = YES;
				CLANG_WARN_UNGUARDED_AVAILABILITY = YES_AGGRESSIVE;
				CLANG_WARN_UNREACHABLE_CODE = YES;
				CLANG_WARN__DUPLICATE_METHOD_MATCH = YES;
				CODE_SIGN_IDENTITY = "-";
				COPY_PHASE_STRIP = NO;
				DEBUG_INFORMATION_FORMAT = dwarf;
				ENABLE_STRICT_OBJC_MSGSEND = YES;
				ENABLE_TESTABILITY = YES;
				GCC_C_LANGUAGE_STANDARD = gnu11;
				GCC_DYNAMIC_NO_PIC = NO;
				GCC_NO_COMMON_BLOCKS = YES;
				GCC_OPTIMIZATION_LEVEL = 0;
				GCC_PREPROCESSOR_DEFINITIONS = (
					"DEBUG=1",
					"$(inherited)",
				);
				GCC_WARN_64_TO_32_BIT_CONVERSION = YES;
				GCC_WARN_ABOUT_RETURN_TYPE = YES_ERROR;
				GCC_WARN_UNDECLARED_SELECTOR = YES;
				GCC_WARN_UNINITIALIZED_AUTOS = YES_AGGRESSIVE;
				GCC_WARN_UNUSED_FUNCTION = YES;
				GCC_WARN_UNUSED_VARIABLE = YES;
				MACOSX_DEPLOYMENT_TARGET = 10.12;
				MTL_ENABLE_DEBUG_INFO = YES;
				ONLY_ACTIVE_ARCH = YES;
				SDKROOT = macosx;
			};
			name = Debug;
		};
		72913E911FB08D5E00C3B56B /* Release */ = {
			isa = XCBuildConfiguration;
			buildSettings = {
				ALWAYS_SEARCH_USER_PATHS = NO;
				CLANG_ANALYZER_NONNULL = YES;
				CLANG_ANALYZER_NUMBER_OBJECT_CONVERSION = YES_AGGRESSIVE;
				CLANG_CXX_LANGUAGE_STANDARD = "gnu++14";
				CLANG_CXX_LIBRARY = "libc++";
				CLANG_ENABLE_MODULES = YES;
				CLANG_ENABLE_OBJC_ARC = YES;
				CLANG_WARN_BLOCK_CAPTURE_AUTORELEASING = YES;
				CLANG_WARN_BOOL_CONVERSION = YES;
				CLANG_WARN_COMMA = YES;
				CLANG_WARN_CONSTANT_CONVERSION = YES;
				CLANG_WARN_DIRECT_OBJC_ISA_USAGE = YES_ERROR;
				CLANG_WARN_DOCUMENTATION_COMMENTS = YES;
				CLANG_WARN_EMPTY_BODY = YES;
				CLANG_WARN_ENUM_CONVERSION = YES;
				CLANG_WARN_INFINITE_RECURSION = YES;
				CLANG_WARN_INT_CONVERSION = YES;
				CLANG_WARN_NON_LITERAL_NULL_CONVERSION = YES;
				CLANG_WARN_OBJC_LITERAL_CONVERSION = YES;
				CLANG_WARN_OBJC_ROOT_CLASS = YES_ERROR;
				CLANG_WARN_RANGE_LOOP_ANALYSIS = YES;
				CLANG_WARN_STRICT_PROTOTYPES = YES;
				CLANG_WARN_SUSPICIOUS_MOVE = YES;
				CLANG_WARN_UNGUARDED_AVAILABILITY = YES_AGGRESSIVE;
				CLANG_WARN_UNREACHABLE_CODE = YES;
				CLANG_WARN__DUPLICATE_METHOD_MATCH = YES;
				CODE_SIGN_IDENTITY = "-";
				COPY_PHASE_STRIP = NO;
				DEBUG_INFORMATION_FORMAT = "dwarf-with-dsym";
				ENABLE_NS_ASSERTIONS = NO;
				ENABLE_STRICT_OBJC_MSGSEND = YES;
				GCC_C_LANGUAGE_STANDARD = gnu11;
				GCC_NO_COMMON_BLOCKS = YES;
				GCC_WARN_64_TO_32_BIT_CONVERSION = YES;
				GCC_WARN_ABOUT_RETURN_TYPE = YES_ERROR;
				GCC_WARN_UNDECLARED_SELECTOR = YES;
				GCC_WARN_UNINITIALIZED_AUTOS = YES_AGGRESSIVE;
				GCC_WARN_UNUSED_FUNCTION = YES;
				GCC_WARN_UNUSED_VARIABLE = YES;
				MACOSX_DEPLOYMENT_TARGET = 10.12;
				MTL_ENABLE_DEBUG_INFO = NO;
				SDKROOT = macosx;
			};
			name = Release;
		};
		72913E931FB08D5E00C3B56B /* Debug */ = {
			isa = XCBuildConfiguration;
			buildSettings = {
				CODE_SIGN_STYLE = Automatic;
				HEADER_SEARCH_PATHS = "/usr/local/Cellar/open-mpi/3.0.0/include";
				LIBRARY_SEARCH_PATHS = "/usr/local/Cellar/open-mpi/3.0.0/lib";
				OTHER_LDFLAGS = "-lmpi";
				PRODUCT_NAME = "$(TARGET_NAME)";
			};
			name = Debug;
		};
		72913E941FB08D5E00C3B56B /* Release */ = {
			isa = XCBuildConfiguration;
			buildSettings = {
				CODE_SIGN_STYLE = Automatic;
				HEADER_SEARCH_PATHS = "/usr/local/Cellar/open-mpi/3.0.0/include";
				LIBRARY_SEARCH_PATHS = "/usr/local/Cellar/open-mpi/3.0.0/lib";
				OTHER_LDFLAGS = "-lmpi";
				PRODUCT_NAME = "$(TARGET_NAME)";
			};
			name = Release;
		};
		72FE72131FBE125600DD994B /* Debug */ = {
			isa = XCBuildConfiguration;
			buildSettings = {
				CODE_SIGN_STYLE = Automatic;
				PRODUCT_NAME = "$(TARGET_NAME)";
			};
			name = Debug;
		};
		72FE72141FBE125600DD994B /* Release */ = {
			isa = XCBuildConfiguration;
			buildSettings = {
				CODE_SIGN_STYLE = Automatic;
				PRODUCT_NAME = "$(TARGET_NAME)";
			};
			name = Release;
		};
/* End XCBuildConfiguration section */

/* Begin XCConfigurationList section */
		72913E861FB08D5E00C3B56B /* Build configuration list for PBXProject "Project 4" */ = {
			isa = XCConfigurationList;
			buildConfigurations = (
				72913E901FB08D5E00C3B56B /* Debug */,
				72913E911FB08D5E00C3B56B /* Release */,
			);
			defaultConfigurationIsVisible = 0;
			defaultConfigurationName = Release;
		};
		72913E921FB08D5E00C3B56B /* Build configuration list for PBXNativeTarget "Project 4" */ = {
			isa = XCConfigurationList;
			buildConfigurations = (
				72913E931FB08D5E00C3B56B /* Debug */,
				72913E941FB08D5E00C3B56B /* Release */,
			);
			defaultConfigurationIsVisible = 0;
			defaultConfigurationName = Release;
		};
		72FE72121FBE125600DD994B /* Build configuration list for PBXNativeTarget "MPI_test" */ = {
			isa = XCConfigurationList;
			buildConfigurations = (
				72FE72131FBE125600DD994B /* Debug */,
				72FE72141FBE125600DD994B /* Release */,
			);
			defaultConfigurationIsVisible = 0;
			defaultConfigurationName = Release;
		};
/* End XCConfigurationList section */
	};
	rootObject = 72913E831FB08D5E00C3B56B /* Project object */;
}
